github.com/BurntSushi/toml v0.3.1 h1:WXkYYl6Yr3qBf1K79EBnL4mak0OimBfB0XUf9Vl28OQ=
github.com/BurntSushi/toml v0.3.1/go.mod h1:xHWCNGjB5oqiDr8zfno3MHue2Ht5sIBksp03qcyfWMU=
github.com/Masterminds/semver v1.4.2 h1:WBLTQ37jOCzSLtXNdoo8bNM8876KhNqOKvrlGITgsTc=
github.com/Masterminds/semver v1.4.2/go.mod h1:MB6lktGJrhw8PrUyiEoblNEGEQ+RzHPF078ddwwvV3Y=
github.com/Masterminds/vcs v1.13.0 h1:USF5TvZGYgIpcbNAEMLfFhHqP08tFZVlUVrmTSpqnyA=
github.com/Masterminds/vcs v1.13.0/go.mod h1:N09YCmOQr6RLxC6UNHzuVwAdodYbbnycGHSmwVJjcKA=
github.com/apex/log v1.1.0 h1:J5rld6WVFi6NxA6m8GJ1LJqu3+GiTFIt3mYv27gdQWI=
github.com/apex/log v1.1.0/go.mod h1:yA770aXIDQrhVOIGurT/pVdfCpSq1GQV/auzMN5fzvY=
github.com/armon/go-radix v1.0.0 h1:F4z6KzEeeQIMeLFa97iZU6vupzoecKdU5TX24SNppXI=
github.com/armon/go-radix v1.0.0/go.mod h1:ufUuZ+zHj4x4TnLV4JWEpy2hxWSpsRywHrMgIH9cCH8=
github.com/benbjohnson/ego v0.3.0 h1:nFecrEww4ijgW17qYfjGSmSbxFXUCiPkRjaQd9/8UpA=
github.com/benbjohnson/ego v0.3.0/go.mod h1:6Qzj43pKX58WdlHDZKZS4Q/XXYwz6toIqXqNjzt4mNA=
github.com/boltdb/bolt v1.3.1 h1:JQmyP4ZBrce+ZQu0dY660FMfatumYDLun9hBCUVIkF4=
github.com/boltdb/bolt v1.3.1/go.mod h1:clJnj/oiGkjum5o1McbSZDSLxVThjynRyGBgiAx27Ps=
github.com/contribsys/faktory v0.5.0 h1:jEjipBpHukC6aWkBKNKb3QqTeTaewzOdjxgyciL8NQU=
github.com/contribsys/faktory v0.5.0/go.mod h1:f7QV8TCzZB3O4BToF6WMuhGACIDgneOA4HprJQO75bc=
github.com/contribsys/gorocksdb v0.0.0-20180626000317-b71ec538bdb8 h1:w9ukjswj78V3hjPwb7ndfRQ6HNUBQloJu4iJHqqQOps=
github.com/contribsys/gorocksdb v0.0.0-20180626000317-b71ec538bdb8/go.mod h1:KIOInLBrCH+po/WBJ94TVFiuVBkkWjoPEv7vBwBjK5g=
github.com/davecgh/go-spew v1.1.1 h1:vj9j/u1bqnvCEfJOwUhtlOARqs3+rkHYY13jYWTU97c=
github.com/davecgh/go-spew v1.1.1/go.mod h1:J7Y8YcW2NihsgmVo/mv3lAwl/skON4iLHjSsI+c5H38=
github.com/go-redis/redis v0.0.0-20181009075230-daf101bd7905 h1:7UBzGO4inqiIU5fo0Z4efN9QLVXMVFRwtXLSoNcplKs=
github.com/go-redis/redis v0.0.0-20181009075230-daf101bd7905/go.mod h1:NAIEuMOZ/fxfXJIrKDQDz8wamY7mA7PouImQ2Jvg6kA=
github.com/golang/dep v0.5.1 h1:gKbgq5zV8Ec2fR54yr8fmFPK0v2idQ46kNZniWUtZsc=
github.com/golang/dep v0.5.1/go.mod h1:6RZ2Wai7dSWk7qL55sDYk+8UPFqcW7all2KDBraPPFA=
github.com/golang/protobuf v1.3.1 h1:YF8+flBXS5eO826T4nzqPrxfhQThhXl0YzfuUPu4SBg=
github.com/golang/protobuf v1.3.1/go.mod h1:6lQm79b+lXiMfvg/cZm0SGofjICqVBUtrP5yJMmIC1U=
github.com/jmank88/nuts v0.3.0 h1:UZUboV1LXVkBUTHLRTEZrDfAL7QYgj9jEsBCiJHrxEM=
github.com/jmank88/nuts v0.3.0/go.mod h1:kTf5cyoLibZUQg9Lns/gteKO1d/5XrhacD1QVKviAKk=
github.com/jteeuwen/go-bindata v3.0.7+incompatible h1:91Uy4d9SYVr1kyTJ15wJsog+esAZZl7JmEfTkwmhJts=
github.com/jteeuwen/go-bindata v3.0.7+incompatible/go.mod h1:JVvhzYOiGBnFSYRyV00iY8q7/0PThjIYav1p9h5dmKs=
github.com/justinas/nosurf v0.0.0-20171023064657-7182011986c4 h1:zL6nij8mNcIiohuVdHfNDSVZOlVTSsUZXkb5v1Kudqk=
github.com/justinas/nosurf v0.0.0-20171023064657-7182011986c4/go.mod h1:Aucr5I5chr4OCuuVB4LTuHVrKHBuyRSo7vM2hqrcb7E=
github.com/konsorten/go-windows-terminal-sequences v1.0.1/go.mod h1:T0+1ngSBFLxvqU3pZ+m/2kptfBszLMUkC4ZK/EgS/cQ=
github.com/nightlyone/lockfile v0.0.0-20180618180623-0ad87eef1443 h1:+2OJrU8cmOstEoh0uQvYemRGVH1O6xtO2oANUWHFnP0=
github.com/nightlyone/lockfile v0.0.0-20180618180623-0ad87eef1443/go.mod h1:JbxfV1Iifij2yhRjXai0oFrbpxszXHRx1E5RuM26o4Y=
github.com/pelletier/go-toml v1.4.0 h1:u3Z1r+oOXJIkxqw34zVhyPgjBsm6X2wn21NWs/HfSeg=
github.com/pelletier/go-toml v1.4.0/go.mod h1:PN7xzY2wHTK0K9p34ErDQMlFxa51Fk0OUruD3k1mMwo=
github.com/pkg/errors v0.8.0 h1:WdK/asTD0HN+q6hsWO3/vpuAkAr+tw6aNJNDFFf0+qw=
github.com/pkg/errors v0.8.0/go.mod h1:bwawxfHBFNV+L2hUp1rHADufV3IMtnDRdf1r5NINEl0=
github.com/pmezard/go-difflib v1.0.0 h1:4DBwDE0NGyQoBHbLQYPwSUPoCMWR5BEzIk/f1lZbAQM=
github.com/pmezard/go-difflib v1.0.0/go.mod h1:iKH77koFhYxTK1pcRnkKkqfTogsbg7gZNVY4sRDYZ/4=
github.com/sdboyer/constext v0.0.0-20170321163424-836a14457353 h1:tnWWLf0nI2TI62Wd/ZOea4XYqE+y1sf2pdm+VItsc0c=
github.com/sdboyer/constext v0.0.0-20170321163424-836a14457353/go.mod h1:5HStXbIikwtDAgAIqiQIqVgMn7mlvZa6PTpwiAVYGYg=
github.com/sirupsen/logrus v1.4.1 h1:GL2rEmy6nsikmW0r8opw9JIRScdMF5hA8cOYLH7In1k=
github.com/sirupsen/logrus v1.4.1/go.mod h1:ni0Sbl8bgC9z8RoU9G6nDWqqs/fq4eDPysMBDgk/93Q=
github.com/stretchr/objx v0.1.1/go.mod h1:HFkY916IF+rwdDfMAkV7OtwuqBVzrE8GR6GFx+wExME=
github.com/stretchr/testify v1.2.2 h1:bSDNvY7ZPG5RlJ8otE/7V6gMiyenm9RtJ7IUVIAoJ1w=
github.com/stretchr/testify v1.2.2/go.mod h1:a8OnRcib4nhh0OaRAV+Yts87kKdq0PP7pXfy6kDkUVs=
golang.org/x/sync v0.0.0-20190423024810-112230192c58 h1:8gQV6CLnAEikrhgkHFbMAEhagSSnXWGV915qUMm9mrU=
golang.org/x/sync v0.0.0-20190423024810-112230192c58/go.mod h1:RxMgew5VJxzue5/jJTE5uejpjVlOe/izrB70Jof72aM=
golang.org/x/sys v0.0.0-20180905080454-ebe1bf3edb33 h1:I6FyU15t786LL7oL/hn43zqTuEGr4PN7F4XJ1p4E3Y8=
golang.org/x/sys v0.0.0-20180905080454-ebe1bf3edb33/go.mod h1:STP8DvDyc/dI5b8T5hshtkjS+E42TnysNCUPdjciGhY=
gopkg.in/check.v1 v0.0.0-20161208181325-20d25e280405/go.mod h1:Co6ibVJAznAaIkqp8huTwlJQCZ016jof/cbN4VW5Yz0=
gopkg.in/yaml.v2 v2.2.2 h1:ZCJp+EgiOT7lHqUV2J862kp8Qj64Jo6az82+3Td9dZw=
gopkg.in/yaml.v2 v2.2.2/go.mod h1:hI93XBmqTisBFMUTm0b8Fm+jr3Dg1NNxqwp+5A1VGuI=
